
Microsoft Visual Studio Solution File, Format Version 12.00
# Visual Studio Version 17
VisualStudioVersion = 17.10.35122.118
MinimumVisualStudioVersion = 10.0.40219.1
Project("{FAE04EC0-301F-11D3-BF4B-00C04F79EFBC}") = "InfoGetterReceiver", "InfoGetterReceiver\InfoGetterReceiver.csproj", "{C0FB8E89-917D-42C9-A31A-F2DE45A6F74A}"
EndProject
Global
	GlobalSection(SolutionConfigurationPlatforms) = preSolution
		Debug|Any CPU = Debug|Any CPU
		Release|Any CPU = Release|Any CPU
	EndGlobalSection
	GlobalSection(ProjectConfigurationPlatforms) = postSolution
		{C0FB8E89-917D-42C9-A31A-F2DE45A6F74A}.Debug|Any CPU.ActiveCfg = Debug|Any CPU
		{C0FB8E89-917D-42C9-A31A-F2DE45A6F74A}.Debug|Any CPU.Build.0 = Debug|Any CPU
		{C0FB8E89-917D-42C9-A31A-F2DE45A6F74A}.Release|Any CPU.ActiveCfg = Release|Any CPU
		{C0FB8E89-917D-42C9-A31A-F2DE45A6F74A}.Release|Any CPU.Build.0 = Release|Any CPU
	EndGlobalSection
	GlobalSection(SolutionProperties) = preSolution
		HideSolutionNode = FALSE
	EndGlobalSection
	GlobalSection(ExtensibilityGlobals) = postSolution
		SolutionGuid = {49B488B1-FAD7-4F5B-9500-A1A4109F7EAE}
	EndGlobalSection
EndGlobal
